// !$*UTF8*$!
{
	archiveVersion = 1;
	classes = {
	};
	objectVersion = 55;
	objects = {

/* Begin PBXBuildFile section */
		411001A22805A03D00180B38 /* Alamofire in Frameworks */ = {isa = PBXBuildFile; productRef = 411001A12805A03D00180B38 /* Alamofire */; };
		418B2E842801BC7D00F8CC74 /* AppDelegate.swift in Sources */ = {isa = PBXBuildFile; fileRef = 418B2E832801BC7D00F8CC74 /* AppDelegate.swift */; };
		418B2E862801BC7D00F8CC74 /* SceneDelegate.swift in Sources */ = {isa = PBXBuildFile; fileRef = 418B2E852801BC7D00F8CC74 /* SceneDelegate.swift */; };
		418B2E882801BC7D00F8CC74 /* ViewController.swift in Sources */ = {isa = PBXBuildFile; fileRef = 418B2E872801BC7D00F8CC74 /* ViewController.swift */; };
		418B2E8B2801BC7D00F8CC74 /* Main.storyboard in Resources */ = {isa = PBXBuildFile; fileRef = 418B2E892801BC7D00F8CC74 /* Main.storyboard */; };
		418B2E8D2801BC7E00F8CC74 /* Assets.xcassets in Resources */ = {isa = PBXBuildFile; fileRef = 418B2E8C2801BC7E00F8CC74 /* Assets.xcassets */; };
		418B2E902801BC7E00F8CC74 /* LaunchScreen.storyboard in Resources */ = {isa = PBXBuildFile; fileRef = 418B2E8E2801BC7E00F8CC74 /* LaunchScreen.storyboard */; };
		418B2E982801BD8200F8CC74 /* NetworkManager.swift in Sources */ = {isa = PBXBuildFile; fileRef = 418B2E972801BD8200F8CC74 /* NetworkManager.swift */; };
		418B2E9A2801BD9400F8CC74 /* Model.swift in Sources */ = {isa = PBXBuildFile; fileRef = 418B2E992801BD9400F8CC74 /* Model.swift */; };
/* End PBXBuildFile section */

/* Begin PBXFileReference section */
		418B2E802801BC7D00F8CC74 /* WeatherAppHW.app */ = {isa = PBXFileReference; explicitFileType = wrapper.application; includeInIndex = 0; path = WeatherAppHW.app; sourceTree = BUILT_PRODUCTS_DIR; };
		418B2E832801BC7D00F8CC74 /* AppDelegate.swift */ = {isa = PBXFileReference; lastKnownFileType = sourcecode.swift; path = AppDelegate.swift; sourceTree = "<group>"; };
		418B2E852801BC7D00F8CC74 /* SceneDelegate.swift */ = {isa = PBXFileReference; lastKnownFileType = sourcecode.swift; path = SceneDelegate.swift; sourceTree = "<group>"; };
		418B2E872801BC7D00F8CC74 /* ViewController.swift */ = {isa = PBXFileReference; lastKnownFileType = sourcecode.swift; path = ViewController.swift; sourceTree = "<group>"; };
		418B2E8A2801BC7D00F8CC74 /* Base */ = {isa = PBXFileReference; lastKnownFileType = file.storyboard; name = Base; path = Base.lproj/Main.storyboard; sourceTree = "<group>"; };
		418B2E8C2801BC7E00F8CC74 /* Assets.xcassets */ = {isa = PBXFileReference; lastKnownFileType = folder.assetcatalog; path = Assets.xcassets; sourceTree = "<group>"; };
		418B2E8F2801BC7E00F8CC74 /* Base */ = {isa = PBXFileReference; lastKnownFileType = file.storyboard; name = Base; path = Base.lproj/LaunchScreen.storyboard; sourceTree = "<group>"; };
		418B2E912801BC7E00F8CC74 /* Info.plist */ = {isa = PBXFileReference; lastKnownFileType = text.plist.xml; path = Info.plist; sourceTree = "<group>"; };
		418B2E972801BD8200F8CC74 /* NetworkManager.swift */ = {isa = PBXFileReference; lastKnownFileType = sourcecode.swift; path = NetworkManager.swift; sourceTree = "<group>"; };
		418B2E992801BD9400F8CC74 /* Model.swift */ = {isa = PBXFileReference; lastKnownFileType = sourcecode.swift; path = Model.swift; sourceTree = "<group>"; };
/* End PBXFileReference section */

/* Begin PBXFrameworksBuildPhase section */
		418B2E7D2801BC7D00F8CC74 /* Frameworks */ = {
			isa = PBXFrameworksBuildPhase;
			buildActionMask = 2147483647;
			files = (
				411001A22805A03D00180B38 /* Alamofire in Frameworks */,
			);
			runOnlyForDeploymentPostprocessing = 0;
		};
/* End PBXFrameworksBuildPhase section */

/* Begin PBXGroup section */
		418B2E772801BC7D00F8CC74 = {
			isa = PBXGroup;
			children = (
				418B2E822801BC7D00F8CC74 /* WeatherAppHW */,
				418B2E812801BC7D00F8CC74 /* Products */,
			);
			sourceTree = "<group>";
		};
		418B2E812801BC7D00F8CC74 /* Products */ = {
			isa = PBXGroup;
			children = (
				418B2E802801BC7D00F8CC74 /* WeatherAppHW.app */,
			);
			name = Products;
			sourceTree = "<group>";
		};
		418B2E822801BC7D00F8CC74 /* WeatherAppHW */ = {
			isa = PBXGroup;
			children = (
				41ABCD98280210FE00AC4A7C /* ViewControllers */,
				41ABCD992802112F00AC4A7C /* Storyboards */,
				41ABCD9A2802117A00AC4A7C /* Models */,
				41ABCD9B2802118900AC4A7C /* Services */,
				41ABCD9C280211BE00AC4A7C /* Resources */,
				41ABCD9D280211E800AC4A7C /* App */,
			);
			path = WeatherAppHW;
			sourceTree = "<group>";
		};
		41ABCD98280210FE00AC4A7C /* ViewControllers */ = {
			isa = PBXGroup;
			children = (
				418B2E872801BC7D00F8CC74 /* ViewController.swift */,
			);
			path = ViewControllers;
			sourceTree = "<group>";
		};
		41ABCD992802112F00AC4A7C /* Storyboards */ = {
			isa = PBXGroup;
			children = (
				418B2E892801BC7D00F8CC74 /* Main.storyboard */,
				418B2E8E2801BC7E00F8CC74 /* LaunchScreen.storyboard */,
			);
			path = Storyboards;
			sourceTree = "<group>";
		};
		41ABCD9A2802117A00AC4A7C /* Models */ = {
			isa = PBXGroup;
			children = (
				418B2E992801BD9400F8CC74 /* Model.swift */,
			);
			path = Models;
			sourceTree = "<group>";
		};
		41ABCD9B2802118900AC4A7C /* Services */ = {
			isa = PBXGroup;
			children = (
				418B2E972801BD8200F8CC74 /* NetworkManager.swift */,
			);
			path = Services;
			sourceTree = "<group>";
		};
		41ABCD9C280211BE00AC4A7C /* Resources */ = {
			isa = PBXGroup;
			children = (
				418B2E8C2801BC7E00F8CC74 /* Assets.xcassets */,
			);
			path = Resources;
			sourceTree = "<group>";
		};
		41ABCD9D280211E800AC4A7C /* App */ = {
			isa = PBXGroup;
			children = (
				418B2E832801BC7D00F8CC74 /* AppDelegate.swift */,
				418B2E852801BC7D00F8CC74 /* SceneDelegate.swift */,
				418B2E912801BC7E00F8CC74 /* Info.plist */,
			);
			path = App;
			sourceTree = "<group>";
		};
/* End PBXGroup section */

/* Begin PBXNativeTarget section */
		418B2E7F2801BC7D00F8CC74 /* WeatherAppHW */ = {
			isa = PBXNativeTarget;
			buildConfigurationList = 418B2E942801BC7E00F8CC74 /* Build configuration list for PBXNativeTarget "WeatherAppHW" */;
			buildPhases = (
				418B2E7C2801BC7D00F8CC74 /* Sources */,
				418B2E7D2801BC7D00F8CC74 /* Frameworks */,
				418B2E7E2801BC7D00F8CC74 /* Resources */,
			);
			buildRules = (
			);
			dependencies = (
			);
			name = WeatherAppHW;
			packageProductDependencies = (
				411001A12805A03D00180B38 /* Alamofire */,
			);
			productName = WeatherAppHW;
			productReference = 418B2E802801BC7D00F8CC74 /* WeatherAppHW.app */;
			productType = "com.apple.product-type.application";
		};
/* End PBXNativeTarget section */

/* Begin PBXProject section */
		418B2E782801BC7D00F8CC74 /* Project object */ = {
			isa = PBXProject;
			attributes = {
				BuildIndependentTargetsInParallel = 1;
				LastSwiftUpdateCheck = 1330;
				LastUpgradeCheck = 1330;
				TargetAttributes = {
					418B2E7F2801BC7D00F8CC74 = {
						CreatedOnToolsVersion = 13.3;
					};
				};
			};
			buildConfigurationList = 418B2E7B2801BC7D00F8CC74 /* Build configuration list for PBXProject "WeatherAppHW" */;
			compatibilityVersion = "Xcode 13.0";
			developmentRegion = en;
			hasScannedForEncodings = 0;
			knownRegions = (
				en,
				Base,
			);
			mainGroup = 418B2E772801BC7D00F8CC74;
			packageReferences = (
				417D943228059F56001EBA08 /* XCRemoteSwiftPackageReference "Alamofire" */,
				411001A02805A03D00180B38 /* XCRemoteSwiftPackageReference "Alamofire" */,
			);
			productRefGroup = 418B2E812801BC7D00F8CC74 /* Products */;
			projectDirPath = "";
			projectRoot = "";
			targets = (
				418B2E7F2801BC7D00F8CC74 /* WeatherAppHW */,
			);
		};
/* End PBXProject section */

/* Begin PBXResourcesBuildPhase section */
		418B2E7E2801BC7D00F8CC74 /* Resources */ = {
			isa = PBXResourcesBuildPhase;
			buildActionMask = 2147483647;
			files = (
				418B2E902801BC7E00F8CC74 /* LaunchScreen.storyboard in Resources */,
				418B2E8D2801BC7E00F8CC74 /* Assets.xcassets in Resources */,
				418B2E8B2801BC7D00F8CC74 /* Main.storyboard in Resources */,
			);
			runOnlyForDeploymentPostprocessing = 0;
		};
/* End PBXResourcesBuildPhase section */

/* Begin PBXSourcesBuildPhase section */
		418B2E7C2801BC7D00F8CC74 /* Sources */ = {
			isa = PBXSourcesBuildPhase;
			buildActionMask = 2147483647;
			files = (
				418B2E9A2801BD9400F8CC74 /* Model.swift in Sources */,
				418B2E982801BD8200F8CC74 /* NetworkManager.swift in Sources */,
				418B2E882801BC7D00F8CC74 /* ViewController.swift in Sources */,
				418B2E842801BC7D00F8CC74 /* AppDelegate.swift in Sources */,
				418B2E862801BC7D00F8CC74 /* SceneDelegate.swift in Sources */,
			);
			runOnlyForDeploymentPostprocessing = 0;
		};
/* End PBXSourcesBuildPhase section */

/* Begin PBXVariantGroup section */
		418B2E892801BC7D00F8CC74 /* Main.storyboard */ = {
			isa = PBXVariantGroup;
			children = (
				418B2E8A2801BC7D00F8CC74 /* Base */,
			);
			name = Main.storyboard;
			sourceTree = "<group>";
		};
		418B2E8E2801BC7E00F8CC74 /* LaunchScreen.storyboard */ = {
			isa = PBXVariantGroup;
			children = (
				418B2E8F2801BC7E00F8CC74 /* Base */,
			);
			name = LaunchScreen.storyboard;
			sourceTree = "<group>";
		};
/* End PBXVariantGroup section */

/* Begin XCBuildConfiguration section */
		418B2E922801BC7E00F8CC74 /* Debug */ = {
			isa = XCBuildConfiguration;
			buildSettings = {
				ALWAYS_SEARCH_USER_PATHS = NO;
				CLANG_ANALYZER_NONNULL = YES;
				CLANG_ANALYZER_NUMBER_OBJECT_CONVERSION = YES_AGGRESSIVE;
				CLANG_CXX_LANGUAGE_STANDARD = "gnu++17";
				CLANG_ENABLE_MODULES = YES;
				CLANG_ENABLE_OBJC_ARC = YES;
				CLANG_ENABLE_OBJC_WEAK = YES;
				CLANG_WARN_BLOCK_CAPTURE_AUTORELEASING = YES;
				CLANG_WARN_BOOL_CONVERSION = YES;
				CLANG_WARN_COMMA = YES;
				CLANG_WARN_CONSTANT_CONVERSION = YES;
				CLANG_WARN_DEPRECATED_OBJC_IMPLEMENTATIONS = YES;
				CLANG_WARN_DIRECT_OBJC_ISA_USAGE = YES_ERROR;
				CLANG_WARN_DOCUMENTATION_COMMENTS = YES;
				CLANG_WARN_EMPTY_BODY = YES;
				CLANG_WARN_ENUM_CONVERSION = YES;
				CLANG_WARN_INFINITE_RECURSION = YES;
				CLANG_WARN_INT_CONVERSION = YES;
				CLANG_WARN_NON_LITERAL_NULL_CONVERSION = YES;
				CLANG_WARN_OBJC_IMPLICIT_RETAIN_SELF = YES;
				CLANG_WARN_OBJC_LITERAL_CONVERSION = YES;
				CLANG_WARN_OBJC_ROOT_CLASS = YES_ERROR;
				CLANG_WARN_QUOTED_INCLUDE_IN_FRAMEWORK_HEADER = YES;
				CLANG_WARN_RANGE_LOOP_ANALYSIS = YES;
				CLANG_WARN_STRICT_PROTOTYPES = YES;
				CLANG_WARN_SUSPICIOUS_MOVE = YES;
				CLANG_WARN_UNGUARDED_AVAILABILITY = YES_AGGRESSIVE;
				CLANG_WARN_UNREACHABLE_CODE = YES;
				CLANG_WARN__DUPLICATE_METHOD_MATCH = YES;
				COPY_PHASE_STRIP = NO;
				DEBUG_INFORMATION_FORMAT = dwarf;
				ENABLE_STRICT_OBJC_MSGSEND = YES;
				ENABLE_TESTABILITY = YES;
				GCC_C_LANGUAGE_STANDARD = gnu11;
				GCC_DYNAMIC_NO_PIC = NO;
				GCC_NO_COMMON_BLOCKS = YES;
				GCC_OPTIMIZATION_LEVEL = 0;
				GCC_PREPROCESSOR_DEFINITIONS = (
					"DEBUG=1",
					"$(inherited)",
				);
				GCC_WARN_64_TO_32_BIT_CONVERSION = YES;
				GCC_WARN_ABOUT_RETURN_TYPE = YES_ERROR;
				GCC_WARN_UNDECLARED_SELECTOR = YES;
				GCC_WARN_UNINITIALIZED_AUTOS = YES_AGGRESSIVE;
				GCC_WARN_UNUSED_FUNCTION = YES;
				GCC_WARN_UNUSED_VARIABLE = YES;
				IPHONEOS_DEPLOYMENT_TARGET = 15.4;
				MTL_ENABLE_DEBUG_INFO = INCLUDE_SOURCE;
				MTL_FAST_MATH = YES;
				ONLY_ACTIVE_ARCH = YES;
				SDKROOT = iphoneos;
				SWIFT_ACTIVE_COMPILATION_CONDITIONS = DEBUG;
				SWIFT_OPTIMIZATION_LEVEL = "-Onone";
			};
			name = Debug;
		};
		418B2E932801BC7E00F8CC74 /* Release */ = {
			isa = XCBuildConfiguration;
			buildSettings = {
				ALWAYS_SEARCH_USER_PATHS = NO;
				CLANG_ANALYZER_NONNULL = YES;
				CLANG_ANALYZER_NUMBER_OBJECT_CONVERSION = YES_AGGRESSIVE;
				CLANG_CXX_LANGUAGE_STANDARD = "gnu++17";
				CLANG_ENABLE_MODULES = YES;
				CLANG_ENABLE_OBJC_ARC = YES;
				CLANG_ENABLE_OBJC_WEAK = YES;
				CLANG_WARN_BLOCK_CAPTURE_AUTORELEASING = YES;
				CLANG_WARN_BOOL_CONVERSION = YES;
				CLANG_WARN_COMMA = YES;
				CLANG_WARN_CONSTANT_CONVERSION = YES;
				CLANG_WARN_DEPRECATED_OBJC_IMPLEMENTATIONS = YES;
				CLANG_WARN_DIRECT_OBJC_ISA_USAGE = YES_ERROR;
				CLANG_WARN_DOCUMENTATION_COMMENTS = YES;
				CLANG_WARN_EMPTY_BODY = YES;
				CLANG_WARN_ENUM_CONVERSION = YES;
				CLANG_WARN_INFINITE_RECURSION = YES;
				CLANG_WARN_INT_CONVERSION = YES;
				CLANG_WARN_NON_LITERAL_NULL_CONVERSION = YES;
				CLANG_WARN_OBJC_IMPLICIT_RETAIN_SELF = YES;
				CLANG_WARN_OBJC_LITERAL_CONVERSION = YES;
				CLANG_WARN_OBJC_ROOT_CLASS = YES_ERROR;
				CLANG_WARN_QUOTED_INCLUDE_IN_FRAMEWORK_HEADER = YES;
				CLANG_WARN_RANGE_LOOP_ANALYSIS = YES;
				CLANG_WARN_STRICT_PROTOTYPES = YES;
				CLANG_WARN_SUSPICIOUS_MOVE = YES;
				CLANG_WARN_UNGUARDED_AVAILABILITY = YES_AGGRESSIVE;
				CLANG_WARN_UNREACHABLE_CODE = YES;
				CLANG_WARN__DUPLICATE_METHOD_MATCH = YES;
				COPY_PHASE_STRIP = NO;
				DEBUG_INFORMATION_FORMAT = "dwarf-with-dsym";
				ENABLE_NS_ASSERTIONS = NO;
				ENABLE_STRICT_OBJC_MSGSEND = YES;
				GCC_C_LANGUAGE_STANDARD = gnu11;
				GCC_NO_COMMON_BLOCKS = YES;
				GCC_WARN_64_TO_32_BIT_CONVERSION = YES;
				GCC_WARN_ABOUT_RETURN_TYPE = YES_ERROR;
				GCC_WARN_UNDECLARED_SELECTOR = YES;
				GCC_WARN_UNINITIALIZED_AUTOS = YES_AGGRESSIVE;
				GCC_WARN_UNUSED_FUNCTION = YES;
				GCC_WARN_UNUSED_VARIABLE = YES;
				IPHONEOS_DEPLOYMENT_TARGET = 15.4;
				MTL_ENABLE_DEBUG_INFO = NO;
				MTL_FAST_MATH = YES;
				SDKROOT = iphoneos;
				SWIFT_COMPILATION_MODE = wholemodule;
				SWIFT_OPTIMIZATION_LEVEL = "-O";
				VALIDATE_PRODUCT = YES;
			};
			name = Release;
		};
		418B2E952801BC7E00F8CC74 /* Debug */ = {
			isa = XCBuildConfiguration;
			buildSettings = {
				ASSETCATALOG_COMPILER_APPICON_NAME = AppIcon;
				ASSETCATALOG_COMPILER_GLOBAL_ACCENT_COLOR_NAME = AccentColor;
				CODE_SIGN_STYLE = Automatic;
				CURRENT_PROJECT_VERSION = 1;
				DEVELOPMENT_TEAM = CMB6GH46SU;
				GENERATE_INFOPLIST_FILE = YES;
				INFOPLIST_FILE = WeatherAppHW/App/Info.plist;
				INFOPLIST_KEY_UIApplicationSupportsIndirectInputEvents = YES;
				INFOPLIST_KEY_UILaunchStoryboardName = LaunchScreen;
				INFOPLIST_KEY_UIMainStoryboardFile = Main;
				INFOPLIST_KEY_UISupportedInterfaceOrientations_iPad = "UIInterfaceOrientationPortrait UIInterfaceOrientationPortraitUpsideDown UIInterfaceOrientationLandscapeLeft UIInterfaceOrientationLandscapeRight";
				INFOPLIST_KEY_UISupportedInterfaceOrientations_iPhone = "UIInterfaceOrientationPortrait UIInterfaceOrientationLandscapeLeft UIInterfaceOrientationLandscapeRight";
				LD_RUNPATH_SEARCH_PATHS = (
					"$(inherited)",
					"@executable_path/Frameworks",
				);
				MARKETING_VERSION = 1.0;
				PRODUCT_BUNDLE_IDENTIFIER = AlexanderBarabash.WeatherAppHW;
				PRODUCT_NAME = "$(TARGET_NAME)";
				SWIFT_EMIT_LOC_STRINGS = YES;
				SWIFT_VERSION = 5.0;
				TARGETED_DEVICE_FAMILY = "1,2";
			};
			name = Debug;
		};
		418B2E962801BC7E00F8CC74 /* Release */ = {
			isa = XCBuildConfiguration;
			buildSettings = {
				ASSETCATALOG_COMPILER_APPICON_NAME = AppIcon;
				ASSETCATALOG_COMPILER_GLOBAL_ACCENT_COLOR_NAME = AccentColor;
				CODE_SIGN_STYLE = Automatic;
				CURRENT_PROJECT_VERSION = 1;
				DEVELOPMENT_TEAM = CMB6GH46SU;
				GENERATE_INFOPLIST_FILE = YES;
				INFOPLIST_FILE = WeatherAppHW/App/Info.plist;
				INFOPLIST_KEY_UIApplicationSupportsIndirectInputEvents = YES;
				INFOPLIST_KEY_UILaunchStoryboardName = LaunchScreen;
				INFOPLIST_KEY_UIMainStoryboardFile = Main;
				INFOPLIST_KEY_UISupportedInterfaceOrientations_iPad = "UIInterfaceOrientationPortrait UIInterfaceOrientationPortraitUpsideDown UIInterfaceOrientationLandscapeLeft UIInterfaceOrientationLandscapeRight";
				INFOPLIST_KEY_UISupportedInterfaceOrientations_iPhone = "UIInterfaceOrientationPortrait UIInterfaceOrientationLandscapeLeft UIInterfaceOrientationLandscapeRight";
				LD_RUNPATH_SEARCH_PATHS = (
					"$(inherited)",
					"@executable_path/Frameworks",
				);
				MARKETING_VERSION = 1.0;
				PRODUCT_BUNDLE_IDENTIFIER = AlexanderBarabash.WeatherAppHW;
				PRODUCT_NAME = "$(TARGET_NAME)";
				SWIFT_EMIT_LOC_STRINGS = YES;
				SWIFT_VERSION = 5.0;
				TARGETED_DEVICE_FAMILY = "1,2";
			};
			name = Release;
		};
/* End XCBuildConfiguration section */

/* Begin XCConfigurationList section */
		418B2E7B2801BC7D00F8CC74 /* Build configuration list for PBXProject "WeatherAppHW" */ = {
			isa = XCConfigurationList;
			buildConfigurations = (
				418B2E922801BC7E00F8CC74 /* Debug */,
				418B2E932801BC7E00F8CC74 /* Release */,
			);
			defaultConfigurationIsVisible = 0;
			defaultConfigurationName = Release;
		};
		418B2E942801BC7E00F8CC74 /* Build configuration list for PBXNativeTarget "WeatherAppHW" */ = {
			isa = XCConfigurationList;
			buildConfigurations = (
				418B2E952801BC7E00F8CC74 /* Debug */,
				418B2E962801BC7E00F8CC74 /* Release */,
			);
			defaultConfigurationIsVisible = 0;
			defaultConfigurationName = Release;
		};
/* End XCConfigurationList section */

/* Begin XCRemoteSwiftPackageReference section */
		411001A02805A03D00180B38 /* XCRemoteSwiftPackageReference "Alamofire" */ = {
			isa = XCRemoteSwiftPackageReference;
			repositoryURL = "https://github.com/Alamofire/Alamofire.git";
			requirement = {
				kind = upToNextMajorVersion;
				minimumVersion = 5.5.0;
			};
		};
		417D943228059F56001EBA08 /* XCRemoteSwiftPackageReference "Alamofire" */ = {
			isa = XCRemoteSwiftPackageReference;
			repositoryURL = "https://github.com/Alamofire/Alamofire.git";
			requirement = {
				branch = master;
				kind = branch;
			};
		};
/* End XCRemoteSwiftPackageReference section */

/* Begin XCSwiftPackageProductDependency section */
		411001A12805A03D00180B38 /* Alamofire */ = {
			isa = XCSwiftPackageProductDependency;
			package = 411001A02805A03D00180B38 /* XCRemoteSwiftPackageReference "Alamofire" */;
			productName = Alamofire;
		};
/* End XCSwiftPackageProductDependency section */
	};
	rootObject = 418B2E782801BC7D00F8CC74 /* Project object */;
}
